{
  "pins" : [
    {
      "identity" : "reactive-lottie",
      "kind" : "remoteSourceControl",
      "location" : "https://github.com/cbepxbeo/reactive-lottie.git",
      "state" : {
        "branch" : "main",
        "revision" : "d2f48a7c6bf0b7947b768fdcb89fac992abdb50c"
      }
    }
  ],
  "version" : 2
}
